
Microsoft Visual Studio Solution File, Format Version 12.00
# Visual Studio Version 17
VisualStudioVersion = 17.5.002.0
MinimumVisualStudioVersion = 10.0.40219.1
Project("{9A19103F-16F7-4668-BE54-9A1E7A4F7556}") = "loop", "loop.csproj", "{F04D37A2-9416-4D74-9BFC-104B89BA9438}"
EndProject
Global
	GlobalSection(SolutionConfigurationPlatforms) = preSolution
		Debug|Any CPU = Debug|Any CPU
		Release|Any CPU = Release|Any CPU
	EndGlobalSection
	GlobalSection(ProjectConfigurationPlatforms) = postSolution
		{F04D37A2-9416-4D74-9BFC-104B89BA9438}.Debug|Any CPU.ActiveCfg = Debug|Any CPU
		{F04D37A2-9416-4D74-9BFC-104B89BA9438}.Debug|Any CPU.Build.0 = Debug|Any CPU
		{F04D37A2-9416-4D74-9BFC-104B89BA9438}.Release|Any CPU.ActiveCfg = Release|Any CPU
		{F04D37A2-9416-4D74-9BFC-104B89BA9438}.Release|Any CPU.Build.0 = Release|Any CPU
	EndGlobalSection
	GlobalSection(SolutionProperties) = preSolution
		HideSolutionNode = FALSE
	EndGlobalSection
	GlobalSection(ExtensibilityGlobals) = postSolution
		SolutionGuid = {5041C3D6-E672-4263-9817-4AC22AEA8B22}
	EndGlobalSection
EndGlobal
